
Microsoft Visual Studio Solution File, Format Version 12.00
# Visual Studio 15
VisualStudioVersion = 15.0.27130.2026
MinimumVisualStudioVersion = 10.0.40219.1
Project("{FAE04EC0-301F-11D3-BF4B-00C04F79EFBC}") = "ESC_BidCalculator", "ESC_BidCalculator\ESC_BidCalculator.csproj", "{69079139-9391-4074-A998-83CB9B5C0560}"
EndProject
Global
	GlobalSection(SolutionConfigurationPlatforms) = preSolution
		Debug|Any CPU = Debug|Any CPU
		Release|Any CPU = Release|Any CPU
	EndGlobalSection
	GlobalSection(ProjectConfigurationPlatforms) = postSolution
		{69079139-9391-4074-A998-83CB9B5C0560}.Debug|Any CPU.ActiveCfg = Debug|Any CPU
		{69079139-9391-4074-A998-83CB9B5C0560}.Debug|Any CPU.Build.0 = Debug|Any CPU
		{69079139-9391-4074-A998-83CB9B5C0560}.Release|Any CPU.ActiveCfg = Release|Any CPU
		{69079139-9391-4074-A998-83CB9B5C0560}.Release|Any CPU.Build.0 = Release|Any CPU
	EndGlobalSection
	GlobalSection(SolutionProperties) = preSolution
		HideSolutionNode = FALSE
	EndGlobalSection
	GlobalSection(ExtensibilityGlobals) = postSolution
		SolutionGuid = {AB459435-4F0A-4289-BDE6-922F853745C8}
	EndGlobalSection
EndGlobal
